// !$*UTF8*$!
{
	archiveVersion = 1;
	classes = {
	};
	objectVersion = 48;
	objects = {

/* Begin PBXBuildFile section */
		6186110E1F95E2F600E4E8B4 /* StockScrollView.m in Sources */ = {isa = PBXBuildFile; fileRef = 6186110D1F95E2F600E4E8B4 /* StockScrollView.m */; };
		61F13E7A1F91F670002F4681 /* AppDelegate.m in Sources */ = {isa = PBXBuildFile; fileRef = 61F13E791F91F670002F4681 /* AppDelegate.m */; };
		61F13E7D1F91F670002F4681 /* DemoViewController.m in Sources */ = {isa = PBXBuildFile; fileRef = 61F13E7C1F91F670002F4681 /* DemoViewController.m */; };
		61F13E821F91F670002F4681 /* Assets.xcassets in Resources */ = {isa = PBXBuildFile; fileRef = 61F13E811F91F670002F4681 /* Assets.xcassets */; };
		61F13E851F91F670002F4681 /* LaunchScreen.storyboard in Resources */ = {isa = PBXBuildFile; fileRef = 61F13E831F91F670002F4681 /* LaunchScreen.storyboard */; };
		61F13E881F91F670002F4681 /* main.m in Sources */ = {isa = PBXBuildFile; fileRef = 61F13E871F91F670002F4681 /* main.m */; };
		61F13E921F91F670002F4681 /* StockViewTests.m in Sources */ = {isa = PBXBuildFile; fileRef = 61F13E911F91F670002F4681 /* StockViewTests.m */; };
		61F13E9D1F91F670002F4681 /* StockViewUITests.m in Sources */ = {isa = PBXBuildFile; fileRef = 61F13E9C1F91F670002F4681 /* StockViewUITests.m */; };
		61F13EAF1F91F6D4002F4681 /* StockViewCell.m in Sources */ = {isa = PBXBuildFile; fileRef = 61F13EAB1F91F6D3002F4681 /* StockViewCell.m */; };
		61F13EB01F91F6D4002F4681 /* StockView.m in Sources */ = {isa = PBXBuildFile; fileRef = 61F13EAD1F91F6D4002F4681 /* StockView.m */; };
/* End PBXBuildFile section */

/* Begin PBXContainerItemProxy section */
		61F13E8E1F91F670002F4681 /* PBXContainerItemProxy */ = {
			isa = PBXContainerItemProxy;
			containerPortal = 61F13E6D1F91F670002F4681 /* Project object */;
			proxyType = 1;
			remoteGlobalIDString = 61F13E741F91F670002F4681;
			remoteInfo = StockView;
		};
		61F13E991F91F670002F4681 /* PBXContainerItemProxy */ = {
			isa = PBXContainerItemProxy;
			containerPortal = 61F13E6D1F91F670002F4681 /* Project object */;
			proxyType = 1;
			remoteGlobalIDString = 61F13E741F91F670002F4681;
			remoteInfo = StockView;
		};
/* End PBXContainerItemProxy section */

/* Begin PBXFileReference section */
		6186110C1F95E2F600E4E8B4 /* StockScrollView.h */ = {isa = PBXFileReference; lastKnownFileType = sourcecode.c.h; path = StockScrollView.h; sourceTree = "<group>"; };
		6186110D1F95E2F600E4E8B4 /* StockScrollView.m */ = {isa = PBXFileReference; lastKnownFileType = sourcecode.c.objc; path = StockScrollView.m; sourceTree = "<group>"; };
		61F13E751F91F670002F4681 /* StockView.app */ = {isa = PBXFileReference; explicitFileType = wrapper.application; includeInIndex = 0; path = StockView.app; sourceTree = BUILT_PRODUCTS_DIR; };
		61F13E781F91F670002F4681 /* AppDelegate.h */ = {isa = PBXFileReference; lastKnownFileType = sourcecode.c.h; path = AppDelegate.h; sourceTree = "<group>"; };
		61F13E791F91F670002F4681 /* AppDelegate.m */ = {isa = PBXFileReference; lastKnownFileType = sourcecode.c.objc; path = AppDelegate.m; sourceTree = "<group>"; };
		61F13E7B1F91F670002F4681 /* DemoViewController.h */ = {isa = PBXFileReference; lastKnownFileType = sourcecode.c.h; path = DemoViewController.h; sourceTree = "<group>"; };
		61F13E7C1F91F670002F4681 /* DemoViewController.m */ = {isa = PBXFileReference; lastKnownFileType = sourcecode.c.objc; path = DemoViewController.m; sourceTree = "<group>"; };
		61F13E811F91F670002F4681 /* Assets.xcassets */ = {isa = PBXFileReference; lastKnownFileType = folder.assetcatalog; path = Assets.xcassets; sourceTree = "<group>"; };
		61F13E841F91F670002F4681 /* Base */ = {isa = PBXFileReference; lastKnownFileType = file.storyboard; name = Base; path = Base.lproj/LaunchScreen.storyboard; sourceTree = "<group>"; };
		61F13E861F91F670002F4681 /* Info.plist */ = {isa = PBXFileReference; lastKnownFileType = text.plist.xml; path = Info.plist; sourceTree = "<group>"; };
		61F13E871F91F670002F4681 /* main.m */ = {isa = PBXFileReference; lastKnownFileType = sourcecode.c.objc; path = main.m; sourceTree = "<group>"; };
		61F13E8D1F91F670002F4681 /* StockViewTests.xctest */ = {isa = PBXFileReference; explicitFileType = wrapper.cfbundle; includeInIndex = 0; path = StockViewTests.xctest; sourceTree = BUILT_PRODUCTS_DIR; };
		61F13E911F91F670002F4681 /* StockViewTests.m */ = {isa = PBXFileReference; lastKnownFileType = sourcecode.c.objc; path = StockViewTests.m; sourceTree = "<group>"; };
		61F13E931F91F670002F4681 /* Info.plist */ = {isa = PBXFileReference; lastKnownFileType = text.plist.xml; path = Info.plist; sourceTree = "<group>"; };
		61F13E981F91F670002F4681 /* StockViewUITests.xctest */ = {isa = PBXFileReference; explicitFileType = wrapper.cfbundle; includeInIndex = 0; path = StockViewUITests.xctest; sourceTree = BUILT_PRODUCTS_DIR; };
		61F13E9C1F91F670002F4681 /* StockViewUITests.m */ = {isa = PBXFileReference; lastKnownFileType = sourcecode.c.objc; path = StockViewUITests.m; sourceTree = "<group>"; };
		61F13E9E1F91F670002F4681 /* Info.plist */ = {isa = PBXFileReference; lastKnownFileType = text.plist.xml; path = Info.plist; sourceTree = "<group>"; };
		61F13EAB1F91F6D3002F4681 /* StockViewCell.m */ = {isa = PBXFileReference; fileEncoding = 4; lastKnownFileType = sourcecode.c.objc; path = StockViewCell.m; sourceTree = "<group>"; };
		61F13EAC1F91F6D3002F4681 /* StockViewCell.h */ = {isa = PBXFileReference; fileEncoding = 4; lastKnownFileType = sourcecode.c.h; path = StockViewCell.h; sourceTree = "<group>"; };
		61F13EAD1F91F6D4002F4681 /* StockView.m */ = {isa = PBXFileReference; fileEncoding = 4; lastKnownFileType = sourcecode.c.objc; path = StockView.m; sourceTree = "<group>"; };
		61F13EAE1F91F6D4002F4681 /* StockView.h */ = {isa = PBXFileReference; fileEncoding = 4; lastKnownFileType = sourcecode.c.h; path = StockView.h; sourceTree = "<group>"; };
/* End PBXFileReference section */

/* Begin PBXFrameworksBuildPhase section */
		61F13E721F91F670002F4681 /* Frameworks */ = {
			isa = PBXFrameworksBuildPhase;
			buildActionMask = 2147483647;
			files = (
			);
			runOnlyForDeploymentPostprocessing = 0;
		};
		61F13E8A1F91F670002F4681 /* Frameworks */ = {
			isa = PBXFrameworksBuildPhase;
			buildActionMask = 2147483647;
			files = (
			);
			runOnlyForDeploymentPostprocessing = 0;
		};
		61F13E951F91F670002F4681 /* Frameworks */ = {
			isa = PBXFrameworksBuildPhase;
			buildActionMask = 2147483647;
			files = (
			);
			runOnlyForDeploymentPostprocessing = 0;
		};
/* End PBXFrameworksBuildPhase section */

/* Begin PBXGroup section */
		61F13E6C1F91F670002F4681 = {
			isa = PBXGroup;
			children = (
				61F13E771F91F670002F4681 /* StockView */,
				61F13E901F91F670002F4681 /* StockViewTests */,
				61F13E9B1F91F670002F4681 /* StockViewUITests */,
				61F13E761F91F670002F4681 /* Products */,
			);
			sourceTree = "<group>";
		};
		61F13E761F91F670002F4681 /* Products */ = {
			isa = PBXGroup;
			children = (
				61F13E751F91F670002F4681 /* StockView.app */,
				61F13E8D1F91F670002F4681 /* StockViewTests.xctest */,
				61F13E981F91F670002F4681 /* StockViewUITests.xctest */,
			);
			name = Products;
			sourceTree = "<group>";
		};
		61F13E771F91F670002F4681 /* StockView */ = {
			isa = PBXGroup;
			children = (
				61F13EAA1F91F6B1002F4681 /* Source */,
				61F13E781F91F670002F4681 /* AppDelegate.h */,
				61F13E791F91F670002F4681 /* AppDelegate.m */,
				61F13E7B1F91F670002F4681 /* DemoViewController.h */,
				61F13E7C1F91F670002F4681 /* DemoViewController.m */,
				61F13E811F91F670002F4681 /* Assets.xcassets */,
				61F13E831F91F670002F4681 /* LaunchScreen.storyboard */,
				61F13E861F91F670002F4681 /* Info.plist */,
				61F13E871F91F670002F4681 /* main.m */,
			);
			path = StockView;
			sourceTree = "<group>";
		};
		61F13E901F91F670002F4681 /* StockViewTests */ = {
			isa = PBXGroup;
			children = (
				61F13E911F91F670002F4681 /* StockViewTests.m */,
				61F13E931F91F670002F4681 /* Info.plist */,
			);
			path = StockViewTests;
			sourceTree = "<group>";
		};
		61F13E9B1F91F670002F4681 /* StockViewUITests */ = {
			isa = PBXGroup;
			children = (
				61F13E9C1F91F670002F4681 /* StockViewUITests.m */,
				61F13E9E1F91F670002F4681 /* Info.plist */,
			);
			path = StockViewUITests;
			sourceTree = "<group>";
		};
		61F13EAA1F91F6B1002F4681 /* Source */ = {
			isa = PBXGroup;
			children = (
				61F13EAE1F91F6D4002F4681 /* StockView.h */,
				61F13EAD1F91F6D4002F4681 /* StockView.m */,
				61F13EAC1F91F6D3002F4681 /* StockViewCell.h */,
				61F13EAB1F91F6D3002F4681 /* StockViewCell.m */,
				6186110C1F95E2F600E4E8B4 /* StockScrollView.h */,
				6186110D1F95E2F600E4E8B4 /* StockScrollView.m */,
			);
			path = Source;
			sourceTree = "<group>";
		};
/* End PBXGroup section */

/* Begin PBXNativeTarget section */
		61F13E741F91F670002F4681 /* StockView */ = {
			isa = PBXNativeTarget;
			buildConfigurationList = 61F13EA11F91F670002F4681 /* Build configuration list for PBXNativeTarget "StockView" */;
			buildPhases = (
				61F13E711F91F670002F4681 /* Sources */,
				61F13E721F91F670002F4681 /* Frameworks */,
				61F13E731F91F670002F4681 /* Resources */,
			);
			buildRules = (
			);
			dependencies = (
			);
			name = StockView;
			productName = StockView;
			productReference = 61F13E751F91F670002F4681 /* StockView.app */;
			productType = "com.apple.product-type.application";
		};
		61F13E8C1F91F670002F4681 /* StockViewTests */ = {
			isa = PBXNativeTarget;
			buildConfigurationList = 61F13EA41F91F670002F4681 /* Build configuration list for PBXNativeTarget "StockViewTests" */;
			buildPhases = (
				61F13E891F91F670002F4681 /* Sources */,
				61F13E8A1F91F670002F4681 /* Frameworks */,
				61F13E8B1F91F670002F4681 /* Resources */,
			);
			buildRules = (
			);
			dependencies = (
				61F13E8F1F91F670002F4681 /* PBXTargetDependency */,
			);
			name = StockViewTests;
			productName = StockViewTests;
			productReference = 61F13E8D1F91F670002F4681 /* StockViewTests.xctest */;
			productType = "com.apple.product-type.bundle.unit-test";
		};
		61F13E971F91F670002F4681 /* StockViewUITests */ = {
			isa = PBXNativeTarget;
			buildConfigurationList = 61F13EA71F91F670002F4681 /* Build configuration list for PBXNativeTarget "StockViewUITests" */;
			buildPhases = (
				61F13E941F91F670002F4681 /* Sources */,
				61F13E951F91F670002F4681 /* Frameworks */,
				61F13E961F91F670002F4681 /* Resources */,
			);
			buildRules = (
			);
			dependencies = (
				61F13E9A1F91F670002F4681 /* PBXTargetDependency */,
			);
			name = StockViewUITests;
			productName = StockViewUITests;
			productReference = 61F13E981F91F670002F4681 /* StockViewUITests.xctest */;
			productType = "com.apple.product-type.bundle.ui-testing";
		};
/* End PBXNativeTarget section */

/* Begin PBXProject section */
		61F13E6D1F91F670002F4681 /* Project object */ = {
			isa = PBXProject;
			attributes = {
				LastUpgradeCheck = 0900;
				ORGANIZATIONNAME = Jezz;
				TargetAttributes = {
					61F13E741F91F670002F4681 = {
						CreatedOnToolsVersion = 9.0;
						ProvisioningStyle = Automatic;
					};
					61F13E8C1F91F670002F4681 = {
						CreatedOnToolsVersion = 9.0;
						ProvisioningStyle = Automatic;
						TestTargetID = 61F13E741F91F670002F4681;
					};
					61F13E971F91F670002F4681 = {
						CreatedOnToolsVersion = 9.0;
						ProvisioningStyle = Automatic;
						TestTargetID = 61F13E741F91F670002F4681;
					};
				};
			};
			buildConfigurationList = 61F13E701F91F670002F4681 /* Build configuration list for PBXProject "StockView" */;
			compatibilityVersion = "Xcode 8.0";
			developmentRegion = en;
			hasScannedForEncodings = 0;
			knownRegions = (
				en,
				Base,
			);
			mainGroup = 61F13E6C1F91F670002F4681;
			productRefGroup = 61F13E761F91F670002F4681 /* Products */;
			projectDirPath = "";
			projectRoot = "";
			targets = (
				61F13E741F91F670002F4681 /* StockView */,
				61F13E8C1F91F670002F4681 /* StockViewTests */,
				61F13E971F91F670002F4681 /* StockViewUITests */,
			);
		};
/* End PBXProject section */

/* Begin PBXResourcesBuildPhase section */
		61F13E731F91F670002F4681 /* Resources */ = {
			isa = PBXResourcesBuildPhase;
			buildActionMask = 2147483647;
			files = (
				61F13E851F91F670002F4681 /* LaunchScreen.storyboard in Resources */,
				61F13E821F91F670002F4681 /* Assets.xcassets in Resources */,
			);
			runOnlyForDeploymentPostprocessing = 0;
		};
		61F13E8B1F91F670002F4681 /* Resources */ = {
			isa = PBXResourcesBuildPhase;
			buildActionMask = 2147483647;
			files = (
			);
			runOnlyForDeploymentPostprocessing = 0;
		};
		61F13E961F91F670002F4681 /* Resources */ = {
			isa = PBXResourcesBuildPhase;
			buildActionMask = 2147483647;
			files = (
			);
			runOnlyForDeploymentPostprocessing = 0;
		};
/* End PBXResourcesBuildPhase section */

/* Begin PBXSourcesBuildPhase section */
		61F13E711F91F670002F4681 /* Sources */ = {
			isa = PBXSourcesBuildPhase;
			buildActionMask = 2147483647;
			files = (
				61F13EB01F91F6D4002F4681 /* StockView.m in Sources */,
				61F13E7D1F91F670002F4681 /* DemoViewController.m in Sources */,
				6186110E1F95E2F600E4E8B4 /* StockScrollView.m in Sources */,
				61F13EAF1F91F6D4002F4681 /* StockViewCell.m in Sources */,
				61F13E881F91F670002F4681 /* main.m in Sources */,
				61F13E7A1F91F670002F4681 /* AppDelegate.m in Sources */,
			);
			runOnlyForDeploymentPostprocessing = 0;
		};
		61F13E891F91F670002F4681 /* Sources */ = {
			isa = PBXSourcesBuildPhase;
			buildActionMask = 2147483647;
			files = (
				61F13E921F91F670002F4681 /* StockViewTests.m in Sources */,
			);
			runOnlyForDeploymentPostprocessing = 0;
		};
		61F13E941F91F670002F4681 /* Sources */ = {
			isa = PBXSourcesBuildPhase;
			buildActionMask = 2147483647;
			files = (
				61F13E9D1F91F670002F4681 /* StockViewUITests.m in Sources */,
			);
			runOnlyForDeploymentPostprocessing = 0;
		};
/* End PBXSourcesBuildPhase section */

/* Begin PBXTargetDependency section */
		61F13E8F1F91F670002F4681 /* PBXTargetDependency */ = {
			isa = PBXTargetDependency;
			target = 61F13E741F91F670002F4681 /* StockView */;
			targetProxy = 61F13E8E1F91F670002F4681 /* PBXContainerItemProxy */;
		};
		61F13E9A1F91F670002F4681 /* PBXTargetDependency */ = {
			isa = PBXTargetDependency;
			target = 61F13E741F91F670002F4681 /* StockView */;
			targetProxy = 61F13E991F91F670002F4681 /* PBXContainerItemProxy */;
		};
/* End PBXTargetDependency section */

/* Begin PBXVariantGroup section */
		61F13E831F91F670002F4681 /* LaunchScreen.storyboard */ = {
			isa = PBXVariantGroup;
			children = (
				61F13E841F91F670002F4681 /* Base */,
			);
			name = LaunchScreen.storyboard;
			sourceTree = "<group>";
		};
/* End PBXVariantGroup section */

/* Begin XCBuildConfiguration section */
		61F13E9F1F91F670002F4681 /* Debug */ = {
			isa = XCBuildConfiguration;
			buildSettings = {
				ALWAYS_SEARCH_USER_PATHS = NO;
				CLANG_ANALYZER_NONNULL = YES;
				CLANG_ANALYZER_NUMBER_OBJECT_CONVERSION = YES_AGGRESSIVE;
				CLANG_CXX_LANGUAGE_STANDARD = "gnu++14";
				CLANG_CXX_LIBRARY = "libc++";
				CLANG_ENABLE_MODULES = YES;
				CLANG_ENABLE_OBJC_ARC = YES;
				CLANG_WARN_BLOCK_CAPTURE_AUTORELEASING = YES;
				CLANG_WARN_BOOL_CONVERSION = YES;
				CLANG_WARN_COMMA = YES;
				CLANG_WARN_CONSTANT_CONVERSION = YES;
				CLANG_WARN_DIRECT_OBJC_ISA_USAGE = YES_ERROR;
				CLANG_WARN_DOCUMENTATION_COMMENTS = YES;
				CLANG_WARN_EMPTY_BODY = YES;
				CLANG_WARN_ENUM_CONVERSION = YES;
				CLANG_WARN_INFINITE_RECURSION = YES;
				CLANG_WARN_INT_CONVERSION = YES;
				CLANG_WARN_NON_LITERAL_NULL_CONVERSION = YES;
				CLANG_WARN_OBJC_LITERAL_CONVERSION = YES;
				CLANG_WARN_OBJC_ROOT_CLASS = YES_ERROR;
				CLANG_WARN_RANGE_LOOP_ANALYSIS = YES;
				CLANG_WARN_STRICT_PROTOTYPES = YES;
				CLANG_WARN_SUSPICIOUS_MOVE = YES;
				CLANG_WARN_UNGUARDED_AVAILABILITY = YES_AGGRESSIVE;
				CLANG_WARN_UNREACHABLE_CODE = YES;
				CLANG_WARN__DUPLICATE_METHOD_MATCH = YES;
				CODE_SIGN_IDENTITY = "iPhone Developer";
				COPY_PHASE_STRIP = NO;
				DEBUG_INFORMATION_FORMAT = dwarf;
				ENABLE_STRICT_OBJC_MSGSEND = YES;
				ENABLE_TESTABILITY = YES;
				GCC_C_LANGUAGE_STANDARD = gnu11;
				GCC_DYNAMIC_NO_PIC = NO;
				GCC_NO_COMMON_BLOCKS = YES;
				GCC_OPTIMIZATION_LEVEL = 0;
				GCC_PREPROCESSOR_DEFINITIONS = (
					"DEBUG=1",
					"$(inherited)",
				);
				GCC_WARN_64_TO_32_BIT_CONVERSION = YES;
				GCC_WARN_ABOUT_RETURN_TYPE = YES_ERROR;
				GCC_WARN_UNDECLARED_SELECTOR = YES;
				GCC_WARN_UNINITIALIZED_AUTOS = YES_AGGRESSIVE;
				GCC_WARN_UNUSED_FUNCTION = YES;
				GCC_WARN_UNUSED_VARIABLE = YES;
				IPHONEOS_DEPLOYMENT_TARGET = 11.0;
				MTL_ENABLE_DEBUG_INFO = YES;
				ONLY_ACTIVE_ARCH = YES;
				SDKROOT = iphoneos;
			};
			name = Debug;
		};
		61F13EA01F91F670002F4681 /* Release */ = {
			isa = XCBuildConfiguration;
			buildSettings = {
				ALWAYS_SEARCH_USER_PATHS = NO;
				CLANG_ANALYZER_NONNULL = YES;
				CLANG_ANALYZER_NUMBER_OBJECT_CONVERSION = YES_AGGRESSIVE;
				CLANG_CXX_LANGUAGE_STANDARD = "gnu++14";
				CLANG_CXX_LIBRARY = "libc++";
				CLANG_ENABLE_MODULES = YES;
				CLANG_ENABLE_OBJC_ARC = YES;
				CLANG_WARN_BLOCK_CAPTURE_AUTORELEASING = YES;
				CLANG_WARN_BOOL_CONVERSION = YES;
				CLANG_WARN_COMMA = YES;
				CLANG_WARN_CONSTANT_CONVERSION = YES;
				CLANG_WARN_DIRECT_OBJC_ISA_USAGE = YES_ERROR;
				CLANG_WARN_DOCUMENTATION_COMMENTS = YES;
				CLANG_WARN_EMPTY_BODY = YES;
				CLANG_WARN_ENUM_CONVERSION = YES;
				CLANG_WARN_INFINITE_RECURSION = YES;
				CLANG_WARN_INT_CONVERSION = YES;
				CLANG_WARN_NON_LITERAL_NULL_CONVERSION = YES;
				CLANG_WARN_OBJC_LITERAL_CONVERSION = YES;
				CLANG_WARN_OBJC_ROOT_CLASS = YES_ERROR;
				CLANG_WARN_RANGE_LOOP_ANALYSIS = YES;
				CLANG_WARN_STRICT_PROTOTYPES = YES;
				CLANG_WARN_SUSPICIOUS_MOVE = YES;
				CLANG_WARN_UNGUARDED_AVAILABILITY = YES_AGGRESSIVE;
				CLANG_WARN_UNREACHABLE_CODE = YES;
				CLANG_WARN__DUPLICATE_METHOD_MATCH = YES;
				CODE_SIGN_IDENTITY = "iPhone Developer";
				COPY_PHASE_STRIP = NO;
				DEBUG_INFORMATION_FORMAT = "dwarf-with-dsym";
				ENABLE_NS_ASSERTIONS = NO;
				ENABLE_STRICT_OBJC_MSGSEND = YES;
				GCC_C_LANGUAGE_STANDARD = gnu11;
				GCC_NO_COMMON_BLOCKS = YES;
				GCC_WARN_64_TO_32_BIT_CONVERSION = YES;
				GCC_WARN_ABOUT_RETURN_TYPE = YES_ERROR;
				GCC_WARN_UNDECLARED_SELECTOR = YES;
				GCC_WARN_UNINITIALIZED_AUTOS = YES_AGGRESSIVE;
				GCC_WARN_UNUSED_FUNCTION = YES;
				GCC_WARN_UNUSED_VARIABLE = YES;
				IPHONEOS_DEPLOYMENT_TARGET = 11.0;
				MTL_ENABLE_DEBUG_INFO = NO;
				SDKROOT = iphoneos;
				VALIDATE_PRODUCT = YES;
			};
			name = Release;
		};
		61F13EA21F91F670002F4681 /* Debug */ = {
			isa = XCBuildConfiguration;
			buildSettings = {
				ASSETCATALOG_COMPILER_APPICON_NAME = AppIcon;
				CODE_SIGN_STYLE = Automatic;
				INFOPLIST_FILE = StockView/Info.plist;
				LD_RUNPATH_SEARCH_PATHS = "$(inherited) @executable_path/Frameworks";
				PRODUCT_BUNDLE_IDENTIFIER = StockView.StockView;
				PRODUCT_NAME = "$(TARGET_NAME)";
				TARGETED_DEVICE_FAMILY = "1,2";
			};
			name = Debug;
		};
		61F13EA31F91F670002F4681 /* Release */ = {
			isa = XCBuildConfiguration;
			buildSettings = {
				ASSETCATALOG_COMPILER_APPICON_NAME = AppIcon;
				CODE_SIGN_STYLE = Automatic;
				INFOPLIST_FILE = StockView/Info.plist;
				LD_RUNPATH_SEARCH_PATHS = "$(inherited) @executable_path/Frameworks";
				PRODUCT_BUNDLE_IDENTIFIER = StockView.StockView;
				PRODUCT_NAME = "$(TARGET_NAME)";
				TARGETED_DEVICE_FAMILY = "1,2";
			};
			name = Release;
		};
		61F13EA51F91F670002F4681 /* Debug */ = {
			isa = XCBuildConfiguration;
			buildSettings = {
				BUNDLE_LOADER = "$(TEST_HOST)";
				CODE_SIGN_STYLE = Automatic;
				INFOPLIST_FILE = StockViewTests/Info.plist;
				LD_RUNPATH_SEARCH_PATHS = "$(inherited) @executable_path/Frameworks @loader_path/Frameworks";
				PRODUCT_BUNDLE_IDENTIFIER = StockView.StockViewTests;
				PRODUCT_NAME = "$(TARGET_NAME)";
				TARGETED_DEVICE_FAMILY = "1,2";
				TEST_HOST = "$(BUILT_PRODUCTS_DIR)/StockView.app/StockView";
			};
			name = Debug;
		};
		61F13EA61F91F670002F4681 /* Release */ = {
			isa = XCBuildConfiguration;
			buildSettings = {
				BUNDLE_LOADER = "$(TEST_HOST)";
				CODE_SIGN_STYLE = Automatic;
				INFOPLIST_FILE = StockViewTests/Info.plist;
				LD_RUNPATH_SEARCH_PATHS = "$(inherited) @executable_path/Frameworks @loader_path/Frameworks";
				PRODUCT_BUNDLE_IDENTIFIER = StockView.StockViewTests;
				PRODUCT_NAME = "$(TARGET_NAME)";
				TARGETED_DEVICE_FAMILY = "1,2";
				TEST_HOST = "$(BUILT_PRODUCTS_DIR)/StockView.app/StockView";
			};
			name = Release;
		};
		61F13EA81F91F670002F4681 /* Debug */ = {
			isa = XCBuildConfiguration;
			buildSettings = {
				CODE_SIGN_STYLE = Automatic;
				INFOPLIST_FILE = StockViewUITests/Info.plist;
				LD_RUNPATH_SEARCH_PATHS = "$(inherited) @executable_path/Frameworks @loader_path/Frameworks";
				PRODUCT_BUNDLE_IDENTIFIER = StockView.StockViewUITests;
				PRODUCT_NAME = "$(TARGET_NAME)";
				TARGETED_DEVICE_FAMILY = "1,2";
				TEST_TARGET_NAME = StockView;
			};
			name = Debug;
		};
		61F13EA91F91F670002F4681 /* Release */ = {
			isa = XCBuildConfiguration;
			buildSettings = {
				CODE_SIGN_STYLE = Automatic;
				INFOPLIST_FILE = StockViewUITests/Info.plist;
				LD_RUNPATH_SEARCH_PATHS = "$(inherited) @executable_path/Frameworks @loader_path/Frameworks";
				PRODUCT_BUNDLE_IDENTIFIER = StockView.StockViewUITests;
				PRODUCT_NAME = "$(TARGET_NAME)";
				TARGETED_DEVICE_FAMILY = "1,2";
				TEST_TARGET_NAME = StockView;
			};
			name = Release;
		};
/* End XCBuildConfiguration section */

/* Begin XCConfigurationList section */
		61F13E701F91F670002F4681 /* Build configuration list for PBXProject "StockView" */ = {
			isa = XCConfigurationList;
			buildConfigurations = (
				61F13E9F1F91F670002F4681 /* Debug */,
				61F13EA01F91F670002F4681 /* Release */,
			);
			defaultConfigurationIsVisible = 0;
			defaultConfigurationName = Release;
		};
		61F13EA11F91F670002F4681 /* Build configuration list for PBXNativeTarget "StockView" */ = {
			isa = XCConfigurationList;
			buildConfigurations = (
				61F13EA21F91F670002F4681 /* Debug */,
				61F13EA31F91F670002F4681 /* Release */,
			);
			defaultConfigurationIsVisible = 0;
			defaultConfigurationName = Release;
		};
		61F13EA41F91F670002F4681 /* Build configuration list for PBXNativeTarget "StockViewTests" */ = {
			isa = XCConfigurationList;
			buildConfigurations = (
				61F13EA51F91F670002F4681 /* Debug */,
				61F13EA61F91F670002F4681 /* Release */,
			);
			defaultConfigurationIsVisible = 0;
			defaultConfigurationName = Release;
		};
		61F13EA71F91F670002F4681 /* Build configuration list for PBXNativeTarget "StockViewUITests" */ = {
			isa = XCConfigurationList;
			buildConfigurations = (
				61F13EA81F91F670002F4681 /* Debug */,
				61F13EA91F91F670002F4681 /* Release */,
			);
			defaultConfigurationIsVisible = 0;
			defaultConfigurationName = Release;
		};
/* End XCConfigurationList section */
	};
	rootObject = 61F13E6D1F91F670002F4681 /* Project object */;
}
